Microsoft Visual Studio Solution File, Format Version 12.00
# Visual Studio Version 18
VisualStudioVersion = 18.0.11205.157
MinimumVisualStudioVersion = 10.0.40219.1
Project("{2150E333-8FDC-42A3-9474-1A3956D46DE8}") = "Solution Items", "Solution Items", "{20FDBD45-4944-4EDC-9AA8-358B0D22AED7}"
	ProjectSection(SolutionItems) = preProject
		.gitignore = .gitignore
	EndProjectSection
EndProject
Project("{9A19103F-16F7-4668-BE54-9A1E7A4F7556}") = "JustBetweenUs.Encryption", "JustBetweenUs.Encryption\JustBetweenUs.Encryption.csproj", "{89986B9A-A776-4805-A3EF-8C29AE69CA75}"
EndProject
Project("{9A19103F-16F7-4668-BE54-9A1E7A4F7556}") = "JustBetweenUs.Wpf", "JustBetweenUs.Wpf\JustBetweenUs.Wpf.csproj", "{62485F3E-2C76-41DA-9682-66670996AC64}"
EndProject
Project("{2150E333-8FDC-42A3-9474-1A3956D46DE8}") = "Mobile", "Mobile", "{8D4A5825-B93B-47EA-87CB-1491D666A71C}"
EndProject
Project("{9A19103F-16F7-4668-BE54-9A1E7A4F7556}") = "JustBetweenUs.Mobile", "Mobile\JustBetweenUs.Mobile.csproj", "{C5CDE281-305B-468B-B2B7-5F9B4F4EEB9B}"
EndProject
Project("{2150E333-8FDC-42A3-9474-1A3956D46DE8}") = "Tests", "Tests", "{7F440D69-1FC8-4D2D-ACF1-C6CBC1454008}"
EndProject
Project("{9A19103F-16F7-4668-BE54-9A1E7A4F7556}") = "JustBetweenUs.Encryption.Tests", "Tests\JustBetweenUs.Encryption.Tests\JustBetweenUs.Encryption.Tests.csproj", "{B9210CF6-84A3-4D57-86B6-E4E2BD016A43}"
EndProject
Project("{2150E333-8FDC-42A3-9474-1A3956D46DE8}") = "Uno", "Uno", "{FBF5CFDF-4CAD-4170-9515-498552E44695}"
EndProject
Project("{9A19103F-16F7-4668-BE54-9A1E7A4F7556}") = "JustBetweenUs.WinUi", "JustBetweenUs.WinUi\JustBetweenUs.WinUi.csproj", "{7C4CEB89-1BC8-4F52-86D1-FAEE3D16C2EF}"
EndProject
Project("{FAE04EC0-301F-11D3-BF4B-00C04F79EFBC}") = "JustBetweenUs.Core", "Uno\JustBetweenUs.Core\JustBetweenUs.Core.csproj", "{B3DBD976-AA63-D6B6-FE11-FBD2AC902A72}"
EndProject
Project("{FAE04EC0-301F-11D3-BF4B-00C04F79EFBC}") = "JustBetweenUs.Linux", "Uno\JustBetweenUs.Linux\JustBetweenUs.Linux.csproj", "{4D201CBD-62B0-6389-FE54-F76A5A441DF4}"
EndProject
Project("{FAE04EC0-301F-11D3-BF4B-00C04F79EFBC}") = "JustBetweenUs.LinuxFrameBuffer", "Uno\JustBetweenUs.LinuxFrameBuffer\JustBetweenUs.LinuxFrameBuffer.csproj", "{6EE39410-EAC9-7DBE-B34F-5FE185279348}"
EndProject
Project("{FAE04EC0-301F-11D3-BF4B-00C04F79EFBC}") = "JustBetweenUs.MacOs", "Uno\JustBetweenUs.MacOs\JustBetweenUs.MacOs.csproj", "{F4E4CBD1-1E1C-39CD-DBA0-6EF3DE300D6C}"
EndProject
Project("{FAE04EC0-301F-11D3-BF4B-00C04F79EFBC}") = "JustBetweenUs.Windows", "Uno\JustBetweenUs.Windows\JustBetweenUs.Windows.csproj", "{0738B001-6F0E-FD48-F762-F80748F4D181}"
EndProject
Project("{D954291E-2A0B-460D-934E-DC6B0785DB48}") = "JustBetweenUs.UI", "Uno\JustBetweenUs.UI\JustBetweenUs.UI.shproj", "{13903639-2FEE-43D3-A920-4FB073E6702B}"
EndProject
Global
	GlobalSection(SolutionConfigurationPlatforms) = preSolution
		Debug|Any CPU = Debug|Any CPU
		Debug|ARM CPU = Debug|ARM CPU
		Debug|arm64 = Debug|arm64
		Debug|x64 = Debug|x64
		Debug|x86 = Debug|x86
		Release|Any CPU = Release|Any CPU
		Release|ARM CPU = Release|ARM CPU
		Release|arm64 = Release|arm64
		Release|x64 = Release|x64
		Release|x86 = Release|x86
	EndGlobalSection
	GlobalSection(ProjectConfigurationPlatforms) = postSolution
		{89986B9A-A776-4805-A3EF-8C29AE69CA75}.Debug|Any CPU.ActiveCfg = Debug|Any CPU
		{89986B9A-A776-4805-A3EF-8C29AE69CA75}.Debug|Any CPU.Build.0 = Debug|Any CPU
		{89986B9A-A776-4805-A3EF-8C29AE69CA75}.Debug|ARM CPU.ActiveCfg = Debug|Any CPU
		{89986B9A-A776-4805-A3EF-8C29AE69CA75}.Debug|ARM CPU.Build.0 = Debug|Any CPU
		{89986B9A-A776-4805-A3EF-8C29AE69CA75}.Debug|arm64.ActiveCfg = Debug|Any CPU
		{89986B9A-A776-4805-A3EF-8C29AE69CA75}.Debug|arm64.Build.0 = Debug|Any CPU
		{89986B9A-A776-4805-A3EF-8C29AE69CA75}.Debug|x64.ActiveCfg = Debug|Any CPU
		{89986B9A-A776-4805-A3EF-8C29AE69CA75}.Debug|x64.Build.0 = Debug|Any CPU
		{89986B9A-A776-4805-A3EF-8C29AE69CA75}.Debug|x86.ActiveCfg = Debug|Any CPU
		{89986B9A-A776-4805-A3EF-8C29AE69CA75}.Debug|x86.Build.0 = Debug|Any CPU
		{89986B9A-A776-4805-A3EF-8C29AE69CA75}.Release|Any CPU.ActiveCfg = Release|Any CPU
		{89986B9A-A776-4805-A3EF-8C29AE69CA75}.Release|Any CPU.Build.0 = Release|Any CPU
		{89986B9A-A776-4805-A3EF-8C29AE69CA75}.Release|ARM CPU.ActiveCfg = Release|Any CPU
		{89986B9A-A776-4805-A3EF-8C29AE69CA75}.Release|ARM CPU.Build.0 = Release|Any CPU
		{89986B9A-A776-4805-A3EF-8C29AE69CA75}.Release|arm64.ActiveCfg = Release|Any CPU
		{89986B9A-A776-4805-A3EF-8C29AE69CA75}.Release|arm64.Build.0 = Release|Any CPU
		{89986B9A-A776-4805-A3EF-8C29AE69CA75}.Release|x64.ActiveCfg = Release|Any CPU
		{89986B9A-A776-4805-A3EF-8C29AE69CA75}.Release|x64.Build.0 = Release|Any CPU
		{89986B9A-A776-4805-A3EF-8C29AE69CA75}.Release|x86.ActiveCfg = Release|Any CPU
		{89986B9A-A776-4805-A3EF-8C29AE69CA75}.Release|x86.Build.0 = Release|Any CPU
		{62485F3E-2C76-41DA-9682-66670996AC64}.Debug|Any CPU.ActiveCfg = Debug|Any CPU
		{62485F3E-2C76-41DA-9682-66670996AC64}.Debug|Any CPU.Build.0 = Debug|Any CPU
		{62485F3E-2C76-41DA-9682-66670996AC64}.Debug|ARM CPU.ActiveCfg = Debug|Any CPU
		{62485F3E-2C76-41DA-9682-66670996AC64}.Debug|ARM CPU.Build.0 = Debug|Any CPU
		{62485F3E-2C76-41DA-9682-66670996AC64}.Debug|arm64.ActiveCfg = Debug|Any CPU
		{62485F3E-2C76-41DA-9682-66670996AC64}.Debug|arm64.Build.0 = Debug|Any CPU
		{62485F3E-2C76-41DA-9682-66670996AC64}.Debug|x64.ActiveCfg = Debug|Any CPU
		{62485F3E-2C76-41DA-9682-66670996AC64}.Debug|x64.Build.0 = Debug|Any CPU
		{62485F3E-2C76-41DA-9682-66670996AC64}.Debug|x86.ActiveCfg = Debug|Any CPU
		{62485F3E-2C76-41DA-9682-66670996AC64}.Debug|x86.Build.0 = Debug|Any CPU
		{62485F3E-2C76-41DA-9682-66670996AC64}.Release|Any CPU.ActiveCfg = Release|Any CPU
		{62485F3E-2C76-41DA-9682-66670996AC64}.Release|Any CPU.Build.0 = Release|Any CPU
		{62485F3E-2C76-41DA-9682-66670996AC64}.Release|ARM CPU.ActiveCfg = Release|Any CPU
		{62485F3E-2C76-41DA-9682-66670996AC64}.Release|ARM CPU.Build.0 = Release|Any CPU
		{62485F3E-2C76-41DA-9682-66670996AC64}.Release|arm64.ActiveCfg = Release|Any CPU
		{62485F3E-2C76-41DA-9682-66670996AC64}.Release|arm64.Build.0 = Release|Any CPU
		{62485F3E-2C76-41DA-9682-66670996AC64}.Release|x64.ActiveCfg = Release|Any CPU
		{62485F3E-2C76-41DA-9682-66670996AC64}.Release|x64.Build.0 = Release|Any CPU
		{62485F3E-2C76-41DA-9682-66670996AC64}.Release|x86.ActiveCfg = Release|Any CPU
		{62485F3E-2C76-41DA-9682-66670996AC64}.Release|x86.Build.0 = Release|Any CPU
		{C5CDE281-305B-468B-B2B7-5F9B4F4EEB9B}.Debug|Any CPU.ActiveCfg = Debug|Any CPU
		{C5CDE281-305B-468B-B2B7-5F9B4F4EEB9B}.Debug|Any CPU.Build.0 = Debug|Any CPU
		{C5CDE281-305B-468B-B2B7-5F9B4F4EEB9B}.Debug|Any CPU.Deploy.0 = Debug|Any CPU
		{C5CDE281-305B-468B-B2B7-5F9B4F4EEB9B}.Debug|ARM CPU.ActiveCfg = Debug|Any CPU
		{C5CDE281-305B-468B-B2B7-5F9B4F4EEB9B}.Debug|ARM CPU.Build.0 = Debug|Any CPU
		{C5CDE281-305B-468B-B2B7-5F9B4F4EEB9B}.Debug|ARM CPU.Deploy.0 = Debug|Any CPU
		{C5CDE281-305B-468B-B2B7-5F9B4F4EEB9B}.Debug|arm64.ActiveCfg = Debug|Any CPU
		{C5CDE281-305B-468B-B2B7-5F9B4F4EEB9B}.Debug|arm64.Build.0 = Debug|Any CPU
		{C5CDE281-305B-468B-B2B7-5F9B4F4EEB9B}.Debug|arm64.Deploy.0 = Debug|Any CPU
		{C5CDE281-305B-468B-B2B7-5F9B4F4EEB9B}.Debug|x64.ActiveCfg = Debug|Any CPU
		{C5CDE281-305B-468B-B2B7-5F9B4F4EEB9B}.Debug|x64.Build.0 = Debug|Any CPU
		{C5CDE281-305B-468B-B2B7-5F9B4F4EEB9B}.Debug|x64.Deploy.0 = Debug|Any CPU
		{C5CDE281-305B-468B-B2B7-5F9B4F4EEB9B}.Debug|x86.ActiveCfg = Debug|Any CPU
		{C5CDE281-305B-468B-B2B7-5F9B4F4EEB9B}.Debug|x86.Build.0 = Debug|Any CPU
		{C5CDE281-305B-468B-B2B7-5F9B4F4EEB9B}.Debug|x86.Deploy.0 = Debug|Any CPU
		{C5CDE281-305B-468B-B2B7-5F9B4F4EEB9B}.Release|Any CPU.ActiveCfg = Release|Any CPU
		{C5CDE281-305B-468B-B2B7-5F9B4F4EEB9B}.Release|Any CPU.Build.0 = Release|Any CPU
		{C5CDE281-305B-468B-B2B7-5F9B4F4EEB9B}.Release|Any CPU.Deploy.0 = Release|Any CPU
		{C5CDE281-305B-468B-B2B7-5F9B4F4EEB9B}.Release|ARM CPU.ActiveCfg = Release|Any CPU
		{C5CDE281-305B-468B-B2B7-5F9B4F4EEB9B}.Release|ARM CPU.Build.0 = Release|Any CPU
		{C5CDE281-305B-468B-B2B7-5F9B4F4EEB9B}.Release|ARM CPU.Deploy.0 = Release|Any CPU
		{C5CDE281-305B-468B-B2B7-5F9B4F4EEB9B}.Release|arm64.ActiveCfg = Release|Any CPU
		{C5CDE281-305B-468B-B2B7-5F9B4F4EEB9B}.Release|arm64.Build.0 = Release|Any CPU
		{C5CDE281-305B-468B-B2B7-5F9B4F4EEB9B}.Release|arm64.Deploy.0 = Release|Any CPU
		{C5CDE281-305B-468B-B2B7-5F9B4F4EEB9B}.Release|x64.ActiveCfg = Release|Any CPU
		{C5CDE281-305B-468B-B2B7-5F9B4F4EEB9B}.Release|x64.Build.0 = Release|Any CPU
		{C5CDE281-305B-468B-B2B7-5F9B4F4EEB9B}.Release|x64.Deploy.0 = Release|Any CPU
		{C5CDE281-305B-468B-B2B7-5F9B4F4EEB9B}.Release|x86.ActiveCfg = Release|Any CPU
		{C5CDE281-305B-468B-B2B7-5F9B4F4EEB9B}.Release|x86.Build.0 = Release|Any CPU
		{C5CDE281-305B-468B-B2B7-5F9B4F4EEB9B}.Release|x86.Deploy.0 = Release|Any CPU
		{B9210CF6-84A3-4D57-86B6-E4E2BD016A43}.Debug|Any CPU.ActiveCfg = Debug|Any CPU
		{B9210CF6-84A3-4D57-86B6-E4E2BD016A43}.Debug|Any CPU.Build.0 = Debug|Any CPU
		{B9210CF6-84A3-4D57-86B6-E4E2BD016A43}.Debug|ARM CPU.ActiveCfg = Debug|Any CPU
		{B9210CF6-84A3-4D57-86B6-E4E2BD016A43}.Debug|ARM CPU.Build.0 = Debug|Any CPU
		{B9210CF6-84A3-4D57-86B6-E4E2BD016A43}.Debug|arm64.ActiveCfg = Debug|Any CPU
		{B9210CF6-84A3-4D57-86B6-E4E2BD016A43}.Debug|arm64.Build.0 = Debug|Any CPU
		{B9210CF6-84A3-4D57-86B6-E4E2BD016A43}.Debug|x64.ActiveCfg = Debug|Any CPU
		{B9210CF6-84A3-4D57-86B6-E4E2BD016A43}.Debug|x64.Build.0 = Debug|Any CPU
		{B9210CF6-84A3-4D57-86B6-E4E2BD016A43}.Debug|x86.ActiveCfg = Debug|Any CPU
		{B9210CF6-84A3-4D57-86B6-E4E2BD016A43}.Debug|x86.Build.0 = Debug|Any CPU
		{B9210CF6-84A3-4D57-86B6-E4E2BD016A43}.Release|Any CPU.ActiveCfg = Release|Any CPU
		{B9210CF6-84A3-4D57-86B6-E4E2BD016A43}.Release|Any CPU.Build.0 = Release|Any CPU
		{B9210CF6-84A3-4D57-86B6-E4E2BD016A43}.Release|ARM CPU.ActiveCfg = Release|Any CPU
		{B9210CF6-84A3-4D57-86B6-E4E2BD016A43}.Release|ARM CPU.Build.0 = Release|Any CPU
		{B9210CF6-84A3-4D57-86B6-E4E2BD016A43}.Release|arm64.ActiveCfg = Release|Any CPU
		{B9210CF6-84A3-4D57-86B6-E4E2BD016A43}.Release|arm64.Build.0 = Release|Any CPU
		{B9210CF6-84A3-4D57-86B6-E4E2BD016A43}.Release|x64.ActiveCfg = Release|Any CPU
		{B9210CF6-84A3-4D57-86B6-E4E2BD016A43}.Release|x64.Build.0 = Release|Any CPU
		{B9210CF6-84A3-4D57-86B6-E4E2BD016A43}.Release|x86.ActiveCfg = Release|Any CPU
		{B9210CF6-84A3-4D57-86B6-E4E2BD016A43}.Release|x86.Build.0 = Release|Any CPU
		{7C4CEB89-1BC8-4F52-86D1-FAEE3D16C2EF}.Debug|Any CPU.ActiveCfg = Debug|x64
		{7C4CEB89-1BC8-4F52-86D1-FAEE3D16C2EF}.Debug|Any CPU.Build.0 = Debug|x64
		{7C4CEB89-1BC8-4F52-86D1-FAEE3D16C2EF}.Debug|Any CPU.Deploy.0 = Debug|x64
		{7C4CEB89-1BC8-4F52-86D1-FAEE3D16C2EF}.Debug|ARM CPU.ActiveCfg = Debug|ARM64
		{7C4CEB89-1BC8-4F52-86D1-FAEE3D16C2EF}.Debug|ARM CPU.Build.0 = Debug|ARM64
		{7C4CEB89-1BC8-4F52-86D1-FAEE3D16C2EF}.Debug|ARM CPU.Deploy.0 = Debug|ARM64
		{7C4CEB89-1BC8-4F52-86D1-FAEE3D16C2EF}.Debug|arm64.ActiveCfg = Debug|ARM64
		{7C4CEB89-1BC8-4F52-86D1-FAEE3D16C2EF}.Debug|arm64.Build.0 = Debug|ARM64
		{7C4CEB89-1BC8-4F52-86D1-FAEE3D16C2EF}.Debug|arm64.Deploy.0 = Debug|ARM64
		{7C4CEB89-1BC8-4F52-86D1-FAEE3D16C2EF}.Debug|x64.ActiveCfg = Debug|x64
		{7C4CEB89-1BC8-4F52-86D1-FAEE3D16C2EF}.Debug|x64.Build.0 = Debug|x64
		{7C4CEB89-1BC8-4F52-86D1-FAEE3D16C2EF}.Debug|x64.Deploy.0 = Debug|x64
		{7C4CEB89-1BC8-4F52-86D1-FAEE3D16C2EF}.Debug|x86.ActiveCfg = Debug|x86
		{7C4CEB89-1BC8-4F52-86D1-FAEE3D16C2EF}.Debug|x86.Build.0 = Debug|x86
		{7C4CEB89-1BC8-4F52-86D1-FAEE3D16C2EF}.Debug|x86.Deploy.0 = Debug|x86
		{7C4CEB89-1BC8-4F52-86D1-FAEE3D16C2EF}.Release|Any CPU.ActiveCfg = Release|x64
		{7C4CEB89-1BC8-4F52-86D1-FAEE3D16C2EF}.Release|Any CPU.Build.0 = Release|x64
		{7C4CEB89-1BC8-4F52-86D1-FAEE3D16C2EF}.Release|Any CPU.Deploy.0 = Release|x64
		{7C4CEB89-1BC8-4F52-86D1-FAEE3D16C2EF}.Release|ARM CPU.ActiveCfg = Release|ARM64
		{7C4CEB89-1BC8-4F52-86D1-FAEE3D16C2EF}.Release|ARM CPU.Build.0 = Release|ARM64
		{7C4CEB89-1BC8-4F52-86D1-FAEE3D16C2EF}.Release|ARM CPU.Deploy.0 = Release|ARM64
		{7C4CEB89-1BC8-4F52-86D1-FAEE3D16C2EF}.Release|arm64.ActiveCfg = Release|ARM64
		{7C4CEB89-1BC8-4F52-86D1-FAEE3D16C2EF}.Release|arm64.Build.0 = Release|ARM64
		{7C4CEB89-1BC8-4F52-86D1-FAEE3D16C2EF}.Release|arm64.Deploy.0 = Release|ARM64
		{7C4CEB89-1BC8-4F52-86D1-FAEE3D16C2EF}.Release|x64.ActiveCfg = Release|x64
		{7C4CEB89-1BC8-4F52-86D1-FAEE3D16C2EF}.Release|x64.Build.0 = Release|x64
		{7C4CEB89-1BC8-4F52-86D1-FAEE3D16C2EF}.Release|x64.Deploy.0 = Release|x64
		{7C4CEB89-1BC8-4F52-86D1-FAEE3D16C2EF}.Release|x86.ActiveCfg = Release|x86
		{7C4CEB89-1BC8-4F52-86D1-FAEE3D16C2EF}.Release|x86.Build.0 = Release|x86
		{7C4CEB89-1BC8-4F52-86D1-FAEE3D16C2EF}.Release|x86.Deploy.0 = Release|x86
		{B3DBD976-AA63-D6B6-FE11-FBD2AC902A72}.Debug|Any CPU.ActiveCfg = Debug|Any CPU
		{B3DBD976-AA63-D6B6-FE11-FBD2AC902A72}.Debug|Any CPU.Build.0 = Debug|Any CPU
		{B3DBD976-AA63-D6B6-FE11-FBD2AC902A72}.Debug|ARM CPU.ActiveCfg = Debug|Any CPU
		{B3DBD976-AA63-D6B6-FE11-FBD2AC902A72}.Debug|ARM CPU.Build.0 = Debug|Any CPU
		{B3DBD976-AA63-D6B6-FE11-FBD2AC902A72}.Debug|arm64.ActiveCfg = Debug|Any CPU
		{B3DBD976-AA63-D6B6-FE11-FBD2AC902A72}.Debug|arm64.Build.0 = Debug|Any CPU
		{B3DBD976-AA63-D6B6-FE11-FBD2AC902A72}.Debug|x64.ActiveCfg = Debug|Any CPU
		{B3DBD976-AA63-D6B6-FE11-FBD2AC902A72}.Debug|x64.Build.0 = Debug|Any CPU
		{B3DBD976-AA63-D6B6-FE11-FBD2AC902A72}.Debug|x86.ActiveCfg = Debug|Any CPU
		{B3DBD976-AA63-D6B6-FE11-FBD2AC902A72}.Debug|x86.Build.0 = Debug|Any CPU
		{B3DBD976-AA63-D6B6-FE11-FBD2AC902A72}.Release|Any CPU.ActiveCfg = Release|Any CPU
		{B3DBD976-AA63-D6B6-FE11-FBD2AC902A72}.Release|Any CPU.Build.0 = Release|Any CPU
		{B3DBD976-AA63-D6B6-FE11-FBD2AC902A72}.Release|ARM CPU.ActiveCfg = Release|Any CPU
		{B3DBD976-AA63-D6B6-FE11-FBD2AC902A72}.Release|ARM CPU.Build.0 = Release|Any CPU
		{B3DBD976-AA63-D6B6-FE11-FBD2AC902A72}.Release|arm64.ActiveCfg = Release|Any CPU
		{B3DBD976-AA63-D6B6-FE11-FBD2AC902A72}.Release|arm64.Build.0 = Release|Any CPU
		{B3DBD976-AA63-D6B6-FE11-FBD2AC902A72}.Release|x64.ActiveCfg = Release|Any CPU
		{B3DBD976-AA63-D6B6-FE11-FBD2AC902A72}.Release|x64.Build.0 = Release|Any CPU
		{B3DBD976-AA63-D6B6-FE11-FBD2AC902A72}.Release|x86.ActiveCfg = Release|Any CPU
		{B3DBD976-AA63-D6B6-FE11-FBD2AC902A72}.Release|x86.Build.0 = Release|Any CPU
		{4D201CBD-62B0-6389-FE54-F76A5A441DF4}.Debug|Any CPU.ActiveCfg = Debug|Any CPU
		{4D201CBD-62B0-6389-FE54-F76A5A441DF4}.Debug|Any CPU.Build.0 = Debug|Any CPU
		{4D201CBD-62B0-6389-FE54-F76A5A441DF4}.Debug|ARM CPU.ActiveCfg = Debug|Any CPU
		{4D201CBD-62B0-6389-FE54-F76A5A441DF4}.Debug|ARM CPU.Build.0 = Debug|Any CPU
		{4D201CBD-62B0-6389-FE54-F76A5A441DF4}.Debug|arm64.ActiveCfg = Debug|Any CPU
		{4D201CBD-62B0-6389-FE54-F76A5A441DF4}.Debug|arm64.Build.0 = Debug|Any CPU
		{4D201CBD-62B0-6389-FE54-F76A5A441DF4}.Debug|x64.ActiveCfg = Debug|Any CPU
		{4D201CBD-62B0-6389-FE54-F76A5A441DF4}.Debug|x64.Build.0 = Debug|Any CPU
		{4D201CBD-62B0-6389-FE54-F76A5A441DF4}.Debug|x86.ActiveCfg = Debug|Any CPU
		{4D201CBD-62B0-6389-FE54-F76A5A441DF4}.Debug|x86.Build.0 = Debug|Any CPU
		{4D201CBD-62B0-6389-FE54-F76A5A441DF4}.Release|Any CPU.ActiveCfg = Release|Any CPU
		{4D201CBD-62B0-6389-FE54-F76A5A441DF4}.Release|Any CPU.Build.0 = Release|Any CPU
		{4D201CBD-62B0-6389-FE54-F76A5A441DF4}.Release|ARM CPU.ActiveCfg = Release|Any CPU
		{4D201CBD-62B0-6389-FE54-F76A5A441DF4}.Release|ARM CPU.Build.0 = Release|Any CPU
		{4D201CBD-62B0-6389-FE54-F76A5A441DF4}.Release|arm64.ActiveCfg = Release|Any CPU
		{4D201CBD-62B0-6389-FE54-F76A5A441DF4}.Release|arm64.Build.0 = Release|Any CPU
		{4D201CBD-62B0-6389-FE54-F76A5A441DF4}.Release|x64.ActiveCfg = Release|Any CPU
		{4D201CBD-62B0-6389-FE54-F76A5A441DF4}.Release|x64.Build.0 = Release|Any CPU
		{4D201CBD-62B0-6389-FE54-F76A5A441DF4}.Release|x86.ActiveCfg = Release|Any CPU
		{4D201CBD-62B0-6389-FE54-F76A5A441DF4}.Release|x86.Build.0 = Release|Any CPU
		{6EE39410-EAC9-7DBE-B34F-5FE185279348}.Debug|Any CPU.ActiveCfg = Debug|Any CPU
		{6EE39410-EAC9-7DBE-B34F-5FE185279348}.Debug|Any CPU.Build.0 = Debug|Any CPU
		{6EE39410-EAC9-7DBE-B34F-5FE185279348}.Debug|ARM CPU.ActiveCfg = Debug|Any CPU
		{6EE39410-EAC9-7DBE-B34F-5FE185279348}.Debug|ARM CPU.Build.0 = Debug|Any CPU
		{6EE39410-EAC9-7DBE-B34F-5FE185279348}.Debug|arm64.ActiveCfg = Debug|Any CPU
		{6EE39410-EAC9-7DBE-B34F-5FE185279348}.Debug|arm64.Build.0 = Debug|Any CPU
		{6EE39410-EAC9-7DBE-B34F-5FE185279348}.Debug|x64.ActiveCfg = Debug|Any CPU
		{6EE39410-EAC9-7DBE-B34F-5FE185279348}.Debug|x64.Build.0 = Debug|Any CPU
		{6EE39410-EAC9-7DBE-B34F-5FE185279348}.Debug|x86.ActiveCfg = Debug|Any CPU
		{6EE39410-EAC9-7DBE-B34F-5FE185279348}.Debug|x86.Build.0 = Debug|Any CPU
		{6EE39410-EAC9-7DBE-B34F-5FE185279348}.Release|Any CPU.ActiveCfg = Release|Any CPU
		{6EE39410-EAC9-7DBE-B34F-5FE185279348}.Release|Any CPU.Build.0 = Release|Any CPU
		{6EE39410-EAC9-7DBE-B34F-5FE185279348}.Release|ARM CPU.ActiveCfg = Release|Any CPU
		{6EE39410-EAC9-7DBE-B34F-5FE185279348}.Release|ARM CPU.Build.0 = Release|Any CPU
		{6EE39410-EAC9-7DBE-B34F-5FE185279348}.Release|arm64.ActiveCfg = Release|Any CPU
		{6EE39410-EAC9-7DBE-B34F-5FE185279348}.Release|arm64.Build.0 = Release|Any CPU
		{6EE39410-EAC9-7DBE-B34F-5FE185279348}.Release|x64.ActiveCfg = Release|Any CPU
		{6EE39410-EAC9-7DBE-B34F-5FE185279348}.Release|x64.Build.0 = Release|Any CPU
		{6EE39410-EAC9-7DBE-B34F-5FE185279348}.Release|x86.ActiveCfg = Release|Any CPU
		{6EE39410-EAC9-7DBE-B34F-5FE185279348}.Release|x86.Build.0 = Release|Any CPU
		{F4E4CBD1-1E1C-39CD-DBA0-6EF3DE300D6C}.Debug|Any CPU.ActiveCfg = Debug|Any CPU
		{F4E4CBD1-1E1C-39CD-DBA0-6EF3DE300D6C}.Debug|Any CPU.Build.0 = Debug|Any CPU
		{F4E4CBD1-1E1C-39CD-DBA0-6EF3DE300D6C}.Debug|ARM CPU.ActiveCfg = Debug|Any CPU
		{F4E4CBD1-1E1C-39CD-DBA0-6EF3DE300D6C}.Debug|ARM CPU.Build.0 = Debug|Any CPU
		{F4E4CBD1-1E1C-39CD-DBA0-6EF3DE300D6C}.Debug|arm64.ActiveCfg = Debug|Any CPU
		{F4E4CBD1-1E1C-39CD-DBA0-6EF3DE300D6C}.Debug|arm64.Build.0 = Debug|Any CPU
		{F4E4CBD1-1E1C-39CD-DBA0-6EF3DE300D6C}.Debug|x64.ActiveCfg = Debug|Any CPU
		{F4E4CBD1-1E1C-39CD-DBA0-6EF3DE300D6C}.Debug|x64.Build.0 = Debug|Any CPU
		{F4E4CBD1-1E1C-39CD-DBA0-6EF3DE300D6C}.Debug|x86.ActiveCfg = Debug|Any CPU
		{F4E4CBD1-1E1C-39CD-DBA0-6EF3DE300D6C}.Debug|x86.Build.0 = Debug|Any CPU
		{F4E4CBD1-1E1C-39CD-DBA0-6EF3DE300D6C}.Release|Any CPU.ActiveCfg = Release|Any CPU
		{F4E4CBD1-1E1C-39CD-DBA0-6EF3DE300D6C}.Release|Any CPU.Build.0 = Release|Any CPU
		{F4E4CBD1-1E1C-39CD-DBA0-6EF3DE300D6C}.Release|ARM CPU.ActiveCfg = Release|Any CPU
		{F4E4CBD1-1E1C-39CD-DBA0-6EF3DE300D6C}.Release|ARM CPU.Build.0 = Release|Any CPU
		{F4E4CBD1-1E1C-39CD-DBA0-6EF3DE300D6C}.Release|arm64.ActiveCfg = Release|Any CPU
		{F4E4CBD1-1E1C-39CD-DBA0-6EF3DE300D6C}.Release|arm64.Build.0 = Release|Any CPU
		{F4E4CBD1-1E1C-39CD-DBA0-6EF3DE300D6C}.Release|x64.ActiveCfg = Release|Any CPU
		{F4E4CBD1-1E1C-39CD-DBA0-6EF3DE300D6C}.Release|x64.Build.0 = Release|Any CPU
		{F4E4CBD1-1E1C-39CD-DBA0-6EF3DE300D6C}.Release|x86.ActiveCfg = Release|Any CPU
		{F4E4CBD1-1E1C-39CD-DBA0-6EF3DE300D6C}.Release|x86.Build.0 = Release|Any CPU
		{0738B001-6F0E-FD48-F762-F80748F4D181}.Debug|Any CPU.ActiveCfg = Debug|Any CPU
		{0738B001-6F0E-FD48-F762-F80748F4D181}.Debug|Any CPU.Build.0 = Debug|Any CPU
		{0738B001-6F0E-FD48-F762-F80748F4D181}.Debug|ARM CPU.ActiveCfg = Debug|Any CPU
		{0738B001-6F0E-FD48-F762-F80748F4D181}.Debug|ARM CPU.Build.0 = Debug|Any CPU
		{0738B001-6F0E-FD48-F762-F80748F4D181}.Debug|arm64.ActiveCfg = Debug|Any CPU
		{0738B001-6F0E-FD48-F762-F80748F4D181}.Debug|arm64.Build.0 = Debug|Any CPU
		{0738B001-6F0E-FD48-F762-F80748F4D181}.Debug|x64.ActiveCfg = Debug|Any CPU
		{0738B001-6F0E-FD48-F762-F80748F4D181}.Debug|x64.Build.0 = Debug|Any CPU
		{0738B001-6F0E-FD48-F762-F80748F4D181}.Debug|x86.ActiveCfg = Debug|Any CPU
		{0738B001-6F0E-FD48-F762-F80748F4D181}.Debug|x86.Build.0 = Debug|Any CPU
		{0738B001-6F0E-FD48-F762-F80748F4D181}.Release|Any CPU.ActiveCfg = Release|Any CPU
		{0738B001-6F0E-FD48-F762-F80748F4D181}.Release|Any CPU.Build.0 = Release|Any CPU
		{0738B001-6F0E-FD48-F762-F80748F4D181}.Release|ARM CPU.ActiveCfg = Release|Any CPU
		{0738B001-6F0E-FD48-F762-F80748F4D181}.Release|ARM CPU.Build.0 = Release|Any CPU
		{0738B001-6F0E-FD48-F762-F80748F4D181}.Release|arm64.ActiveCfg = Release|Any CPU
		{0738B001-6F0E-FD48-F762-F80748F4D181}.Release|arm64.Build.0 = Release|Any CPU
		{0738B001-6F0E-FD48-F762-F80748F4D181}.Release|x64.ActiveCfg = Release|Any CPU
		{0738B001-6F0E-FD48-F762-F80748F4D181}.Release|x64.Build.0 = Release|Any CPU
		{0738B001-6F0E-FD48-F762-F80748F4D181}.Release|x86.ActiveCfg = Release|Any CPU
		{0738B001-6F0E-FD48-F762-F80748F4D181}.Release|x86.Build.0 = Release|Any CPU
	EndGlobalSection
	GlobalSection(SolutionProperties) = preSolution
		HideSolutionNode = FALSE
	EndGlobalSection
	GlobalSection(NestedProjects) = preSolution
		{C5CDE281-305B-468B-B2B7-5F9B4F4EEB9B} = {8D4A5825-B93B-47EA-87CB-1491D666A71C}
		{B9210CF6-84A3-4D57-86B6-E4E2BD016A43} = {7F440D69-1FC8-4D2D-ACF1-C6CBC1454008}
		{B3DBD976-AA63-D6B6-FE11-FBD2AC902A72} = {FBF5CFDF-4CAD-4170-9515-498552E44695}
		{4D201CBD-62B0-6389-FE54-F76A5A441DF4} = {FBF5CFDF-4CAD-4170-9515-498552E44695}
		{6EE39410-EAC9-7DBE-B34F-5FE185279348} = {FBF5CFDF-4CAD-4170-9515-498552E44695}
		{F4E4CBD1-1E1C-39CD-DBA0-6EF3DE300D6C} = {FBF5CFDF-4CAD-4170-9515-498552E44695}
		{0738B001-6F0E-FD48-F762-F80748F4D181} = {FBF5CFDF-4CAD-4170-9515-498552E44695}
		{13903639-2FEE-43D3-A920-4FB073E6702B} = {FBF5CFDF-4CAD-4170-9515-498552E44695}
	EndGlobalSection
	GlobalSection(ExtensibilityGlobals) = postSolution
		SolutionGuid = {5A3274A4-C353-477F-BF9E-2B60BE8D44E8}
	EndGlobalSection
	GlobalSection(SharedMSBuildProjectFiles) = preSolution
		Uno\JustBetweenUs.UI\JustBetweenUs.UI.projitems*{0738b001-6f0e-fd48-f762-f80748f4d181}*SharedItemsImports = 5
		Uno\JustBetweenUs.UI\JustBetweenUs.UI.projitems*{13903639-2fee-43d3-a920-4fb073e6702b}*SharedItemsImports = 13
		Uno\JustBetweenUs.UI\JustBetweenUs.UI.projitems*{4d201cbd-62b0-6389-fe54-f76a5a441df4}*SharedItemsImports = 5
		Uno\JustBetweenUs.UI\JustBetweenUs.UI.projitems*{6ee39410-eac9-7dbe-b34f-5fe185279348}*SharedItemsImports = 5
		Uno\JustBetweenUs.UI\JustBetweenUs.UI.projitems*{f4e4cbd1-1e1c-39cd-dba0-6ef3de300d6c}*SharedItemsImports = 5
	EndGlobalSection
EndGlobal
