
Microsoft Visual Studio Solution File, Format Version 12.00
# Visual Studio Version 17
VisualStudioVersion = 17.8.34525.116
MinimumVisualStudioVersion = 10.0.40219.1
Project("{2150E333-8FDC-42A3-9474-1A3956D46DE8}") = "Uno", "Uno", "{DD0C5D97-090B-4F5F-A484-8BF5B7563CE8}"
EndProject
Project("{2150E333-8FDC-42A3-9474-1A3956D46DE8}") = "Platforms", "Platforms", "{006EA384-9582-4F32-8712-E6A39B0A99B6}"
EndProject
Project("{9A19103F-16F7-4668-BE54-9A1E7A4F7556}") = "JustBetweenUs.Uno", "Uno\JustBetweenUs.Uno\JustBetweenUs.Uno.csproj", "{E58E31F0-B6C8-426A-94C8-BD43218EAB59}"
EndProject
Project("{9A19103F-16F7-4668-BE54-9A1E7A4F7556}") = "JustBetweenUs.Uno.Skia.Linux.FrameBuffer", "Uno\JustBetweenUs.Uno.Skia.Linux.FrameBuffer\JustBetweenUs.Uno.Skia.Linux.FrameBuffer.csproj", "{7CCA9AC0-2478-4FCD-B36E-202FFAF904E9}"
EndProject
Project("{9A19103F-16F7-4668-BE54-9A1E7A4F7556}") = "JustBetweenUs.Uno.Skia.Gtk", "Uno\JustBetweenUs.Uno.Skia.Gtk\JustBetweenUs.Uno.Skia.Gtk.csproj", "{66B3435C-8CD8-4359-806E-49F7DECB3EB6}"
EndProject
Project("{9A19103F-16F7-4668-BE54-9A1E7A4F7556}") = "JustBetweenUs.Uno.Windows", "Uno\JustBetweenUs.Uno.Windows\JustBetweenUs.Uno.Windows.csproj", "{7577356A-7CCF-45F2-AD8B-B4DD0AF7F89A}"
EndProject
Project("{9A19103F-16F7-4668-BE54-9A1E7A4F7556}") = "JustBetweenUs.Uno.Shared", "Uno\JustBetweenUs.Uno.Shared\JustBetweenUs.Uno.Shared.csproj", "{6FBC7A9B-76E1-4FB6-B45B-BB9A123EBB6B}"
EndProject
Project("{2150E333-8FDC-42A3-9474-1A3956D46DE8}") = "Solution Items", "Solution Items", "{20FDBD45-4944-4EDC-9AA8-358B0D22AED7}"
	ProjectSection(SolutionItems) = preProject
		.gitignore = .gitignore
		Directory.Build.props = Directory.Build.props
		Directory.Build.targets = Directory.Build.targets
		global.json = global.json
		solution-config.props.sample = solution-config.props.sample
	EndProjectSection
EndProject
Project("{9A19103F-16F7-4668-BE54-9A1E7A4F7556}") = "JustBetweenUs.Encryption", "JustBetweenUs.Encryption\JustBetweenUs.Encryption.csproj", "{89986B9A-A776-4805-A3EF-8C29AE69CA75}"
EndProject
Project("{9A19103F-16F7-4668-BE54-9A1E7A4F7556}") = "JustBetweenUs.Wpf", "JustBetweenUs.Wpf\JustBetweenUs.Wpf.csproj", "{62485F3E-2C76-41DA-9682-66670996AC64}"
EndProject
Project("{2150E333-8FDC-42A3-9474-1A3956D46DE8}") = "Mobile", "Mobile", "{8D4A5825-B93B-47EA-87CB-1491D666A71C}"
EndProject
Project("{9A19103F-16F7-4668-BE54-9A1E7A4F7556}") = "JustBetweenUs.Mobile", "Mobile\JustBetweenUs.Mobile.csproj", "{C5CDE281-305B-468B-B2B7-5F9B4F4EEB9B}"
EndProject
Project("{2150E333-8FDC-42A3-9474-1A3956D46DE8}") = "Tests", "Tests", "{7F440D69-1FC8-4D2D-ACF1-C6CBC1454008}"
EndProject
Project("{FAE04EC0-301F-11D3-BF4B-00C04F79EFBC}") = "JustBetweenUs.Encryption.Tests", "Tests\JustBetweenUs.Encryption.Tests\JustBetweenUs.Encryption.Tests.csproj", "{B9210CF6-84A3-4D57-86B6-E4E2BD016A43}"
EndProject
Global
	GlobalSection(SolutionConfigurationPlatforms) = preSolution
		Debug|Any CPU = Debug|Any CPU
		Debug|arm64 = Debug|arm64
		Debug|x64 = Debug|x64
		Debug|x86 = Debug|x86
		Release|Any CPU = Release|Any CPU
		Release|arm64 = Release|arm64
		Release|x64 = Release|x64
		Release|x86 = Release|x86
	EndGlobalSection
	GlobalSection(ProjectConfigurationPlatforms) = postSolution
		{E58E31F0-B6C8-426A-94C8-BD43218EAB59}.Debug|Any CPU.ActiveCfg = Debug|Any CPU
		{E58E31F0-B6C8-426A-94C8-BD43218EAB59}.Debug|Any CPU.Build.0 = Debug|Any CPU
		{E58E31F0-B6C8-426A-94C8-BD43218EAB59}.Debug|arm64.ActiveCfg = Debug|Any CPU
		{E58E31F0-B6C8-426A-94C8-BD43218EAB59}.Debug|arm64.Build.0 = Debug|Any CPU
		{E58E31F0-B6C8-426A-94C8-BD43218EAB59}.Debug|x64.ActiveCfg = Debug|Any CPU
		{E58E31F0-B6C8-426A-94C8-BD43218EAB59}.Debug|x64.Build.0 = Debug|Any CPU
		{E58E31F0-B6C8-426A-94C8-BD43218EAB59}.Debug|x86.ActiveCfg = Debug|Any CPU
		{E58E31F0-B6C8-426A-94C8-BD43218EAB59}.Debug|x86.Build.0 = Debug|Any CPU
		{E58E31F0-B6C8-426A-94C8-BD43218EAB59}.Release|Any CPU.ActiveCfg = Release|Any CPU
		{E58E31F0-B6C8-426A-94C8-BD43218EAB59}.Release|Any CPU.Build.0 = Release|Any CPU
		{E58E31F0-B6C8-426A-94C8-BD43218EAB59}.Release|arm64.ActiveCfg = Release|Any CPU
		{E58E31F0-B6C8-426A-94C8-BD43218EAB59}.Release|arm64.Build.0 = Release|Any CPU
		{E58E31F0-B6C8-426A-94C8-BD43218EAB59}.Release|x64.ActiveCfg = Release|Any CPU
		{E58E31F0-B6C8-426A-94C8-BD43218EAB59}.Release|x64.Build.0 = Release|Any CPU
		{E58E31F0-B6C8-426A-94C8-BD43218EAB59}.Release|x86.ActiveCfg = Release|Any CPU
		{E58E31F0-B6C8-426A-94C8-BD43218EAB59}.Release|x86.Build.0 = Release|Any CPU
		{7CCA9AC0-2478-4FCD-B36E-202FFAF904E9}.Debug|Any CPU.ActiveCfg = Debug|Any CPU
		{7CCA9AC0-2478-4FCD-B36E-202FFAF904E9}.Debug|Any CPU.Build.0 = Debug|Any CPU
		{7CCA9AC0-2478-4FCD-B36E-202FFAF904E9}.Debug|arm64.ActiveCfg = Debug|Any CPU
		{7CCA9AC0-2478-4FCD-B36E-202FFAF904E9}.Debug|arm64.Build.0 = Debug|Any CPU
		{7CCA9AC0-2478-4FCD-B36E-202FFAF904E9}.Debug|x64.ActiveCfg = Debug|Any CPU
		{7CCA9AC0-2478-4FCD-B36E-202FFAF904E9}.Debug|x64.Build.0 = Debug|Any CPU
		{7CCA9AC0-2478-4FCD-B36E-202FFAF904E9}.Debug|x86.ActiveCfg = Debug|Any CPU
		{7CCA9AC0-2478-4FCD-B36E-202FFAF904E9}.Debug|x86.Build.0 = Debug|Any CPU
		{7CCA9AC0-2478-4FCD-B36E-202FFAF904E9}.Release|Any CPU.ActiveCfg = Release|Any CPU
		{7CCA9AC0-2478-4FCD-B36E-202FFAF904E9}.Release|Any CPU.Build.0 = Release|Any CPU
		{7CCA9AC0-2478-4FCD-B36E-202FFAF904E9}.Release|arm64.ActiveCfg = Release|Any CPU
		{7CCA9AC0-2478-4FCD-B36E-202FFAF904E9}.Release|arm64.Build.0 = Release|Any CPU
		{7CCA9AC0-2478-4FCD-B36E-202FFAF904E9}.Release|x64.ActiveCfg = Release|Any CPU
		{7CCA9AC0-2478-4FCD-B36E-202FFAF904E9}.Release|x64.Build.0 = Release|Any CPU
		{7CCA9AC0-2478-4FCD-B36E-202FFAF904E9}.Release|x86.ActiveCfg = Release|Any CPU
		{7CCA9AC0-2478-4FCD-B36E-202FFAF904E9}.Release|x86.Build.0 = Release|Any CPU
		{66B3435C-8CD8-4359-806E-49F7DECB3EB6}.Debug|Any CPU.ActiveCfg = Debug|Any CPU
		{66B3435C-8CD8-4359-806E-49F7DECB3EB6}.Debug|Any CPU.Build.0 = Debug|Any CPU
		{66B3435C-8CD8-4359-806E-49F7DECB3EB6}.Debug|arm64.ActiveCfg = Debug|Any CPU
		{66B3435C-8CD8-4359-806E-49F7DECB3EB6}.Debug|arm64.Build.0 = Debug|Any CPU
		{66B3435C-8CD8-4359-806E-49F7DECB3EB6}.Debug|x64.ActiveCfg = Debug|Any CPU
		{66B3435C-8CD8-4359-806E-49F7DECB3EB6}.Debug|x64.Build.0 = Debug|Any CPU
		{66B3435C-8CD8-4359-806E-49F7DECB3EB6}.Debug|x86.ActiveCfg = Debug|Any CPU
		{66B3435C-8CD8-4359-806E-49F7DECB3EB6}.Debug|x86.Build.0 = Debug|Any CPU
		{66B3435C-8CD8-4359-806E-49F7DECB3EB6}.Release|Any CPU.ActiveCfg = Release|Any CPU
		{66B3435C-8CD8-4359-806E-49F7DECB3EB6}.Release|Any CPU.Build.0 = Release|Any CPU
		{66B3435C-8CD8-4359-806E-49F7DECB3EB6}.Release|arm64.ActiveCfg = Release|Any CPU
		{66B3435C-8CD8-4359-806E-49F7DECB3EB6}.Release|arm64.Build.0 = Release|Any CPU
		{66B3435C-8CD8-4359-806E-49F7DECB3EB6}.Release|x64.ActiveCfg = Release|Any CPU
		{66B3435C-8CD8-4359-806E-49F7DECB3EB6}.Release|x64.Build.0 = Release|Any CPU
		{66B3435C-8CD8-4359-806E-49F7DECB3EB6}.Release|x86.ActiveCfg = Release|Any CPU
		{66B3435C-8CD8-4359-806E-49F7DECB3EB6}.Release|x86.Build.0 = Release|Any CPU
		{7577356A-7CCF-45F2-AD8B-B4DD0AF7F89A}.Debug|Any CPU.ActiveCfg = Debug|x64
		{7577356A-7CCF-45F2-AD8B-B4DD0AF7F89A}.Debug|Any CPU.Build.0 = Debug|x64
		{7577356A-7CCF-45F2-AD8B-B4DD0AF7F89A}.Debug|Any CPU.Deploy.0 = Debug|x64
		{7577356A-7CCF-45F2-AD8B-B4DD0AF7F89A}.Debug|arm64.ActiveCfg = Debug|arm64
		{7577356A-7CCF-45F2-AD8B-B4DD0AF7F89A}.Debug|arm64.Build.0 = Debug|arm64
		{7577356A-7CCF-45F2-AD8B-B4DD0AF7F89A}.Debug|arm64.Deploy.0 = Debug|arm64
		{7577356A-7CCF-45F2-AD8B-B4DD0AF7F89A}.Debug|x64.ActiveCfg = Debug|x64
		{7577356A-7CCF-45F2-AD8B-B4DD0AF7F89A}.Debug|x64.Build.0 = Debug|x64
		{7577356A-7CCF-45F2-AD8B-B4DD0AF7F89A}.Debug|x64.Deploy.0 = Debug|x64
		{7577356A-7CCF-45F2-AD8B-B4DD0AF7F89A}.Debug|x86.ActiveCfg = Debug|x86
		{7577356A-7CCF-45F2-AD8B-B4DD0AF7F89A}.Debug|x86.Build.0 = Debug|x86
		{7577356A-7CCF-45F2-AD8B-B4DD0AF7F89A}.Debug|x86.Deploy.0 = Debug|x86
		{7577356A-7CCF-45F2-AD8B-B4DD0AF7F89A}.Release|Any CPU.ActiveCfg = Release|x64
		{7577356A-7CCF-45F2-AD8B-B4DD0AF7F89A}.Release|Any CPU.Build.0 = Release|x64
		{7577356A-7CCF-45F2-AD8B-B4DD0AF7F89A}.Release|Any CPU.Deploy.0 = Release|x64
		{7577356A-7CCF-45F2-AD8B-B4DD0AF7F89A}.Release|arm64.ActiveCfg = Release|arm64
		{7577356A-7CCF-45F2-AD8B-B4DD0AF7F89A}.Release|arm64.Build.0 = Release|arm64
		{7577356A-7CCF-45F2-AD8B-B4DD0AF7F89A}.Release|arm64.Deploy.0 = Release|arm64
		{7577356A-7CCF-45F2-AD8B-B4DD0AF7F89A}.Release|x64.ActiveCfg = Release|x64
		{7577356A-7CCF-45F2-AD8B-B4DD0AF7F89A}.Release|x64.Build.0 = Release|x64
		{7577356A-7CCF-45F2-AD8B-B4DD0AF7F89A}.Release|x64.Deploy.0 = Release|x64
		{7577356A-7CCF-45F2-AD8B-B4DD0AF7F89A}.Release|x86.ActiveCfg = Release|x86
		{7577356A-7CCF-45F2-AD8B-B4DD0AF7F89A}.Release|x86.Build.0 = Release|x86
		{7577356A-7CCF-45F2-AD8B-B4DD0AF7F89A}.Release|x86.Deploy.0 = Release|x86
		{6FBC7A9B-76E1-4FB6-B45B-BB9A123EBB6B}.Debug|Any CPU.ActiveCfg = Debug|Any CPU
		{6FBC7A9B-76E1-4FB6-B45B-BB9A123EBB6B}.Debug|Any CPU.Build.0 = Debug|Any CPU
		{6FBC7A9B-76E1-4FB6-B45B-BB9A123EBB6B}.Debug|arm64.ActiveCfg = Debug|Any CPU
		{6FBC7A9B-76E1-4FB6-B45B-BB9A123EBB6B}.Debug|arm64.Build.0 = Debug|Any CPU
		{6FBC7A9B-76E1-4FB6-B45B-BB9A123EBB6B}.Debug|x64.ActiveCfg = Debug|Any CPU
		{6FBC7A9B-76E1-4FB6-B45B-BB9A123EBB6B}.Debug|x64.Build.0 = Debug|Any CPU
		{6FBC7A9B-76E1-4FB6-B45B-BB9A123EBB6B}.Debug|x86.ActiveCfg = Debug|Any CPU
		{6FBC7A9B-76E1-4FB6-B45B-BB9A123EBB6B}.Debug|x86.Build.0 = Debug|Any CPU
		{6FBC7A9B-76E1-4FB6-B45B-BB9A123EBB6B}.Release|Any CPU.ActiveCfg = Release|Any CPU
		{6FBC7A9B-76E1-4FB6-B45B-BB9A123EBB6B}.Release|Any CPU.Build.0 = Release|Any CPU
		{6FBC7A9B-76E1-4FB6-B45B-BB9A123EBB6B}.Release|arm64.ActiveCfg = Release|Any CPU
		{6FBC7A9B-76E1-4FB6-B45B-BB9A123EBB6B}.Release|arm64.Build.0 = Release|Any CPU
		{6FBC7A9B-76E1-4FB6-B45B-BB9A123EBB6B}.Release|x64.ActiveCfg = Release|Any CPU
		{6FBC7A9B-76E1-4FB6-B45B-BB9A123EBB6B}.Release|x64.Build.0 = Release|Any CPU
		{6FBC7A9B-76E1-4FB6-B45B-BB9A123EBB6B}.Release|x86.ActiveCfg = Release|Any CPU
		{6FBC7A9B-76E1-4FB6-B45B-BB9A123EBB6B}.Release|x86.Build.0 = Release|Any CPU
		{89986B9A-A776-4805-A3EF-8C29AE69CA75}.Debug|Any CPU.ActiveCfg = Debug|Any CPU
		{89986B9A-A776-4805-A3EF-8C29AE69CA75}.Debug|Any CPU.Build.0 = Debug|Any CPU
		{89986B9A-A776-4805-A3EF-8C29AE69CA75}.Debug|arm64.ActiveCfg = Debug|Any CPU
		{89986B9A-A776-4805-A3EF-8C29AE69CA75}.Debug|arm64.Build.0 = Debug|Any CPU
		{89986B9A-A776-4805-A3EF-8C29AE69CA75}.Debug|x64.ActiveCfg = Debug|Any CPU
		{89986B9A-A776-4805-A3EF-8C29AE69CA75}.Debug|x64.Build.0 = Debug|Any CPU
		{89986B9A-A776-4805-A3EF-8C29AE69CA75}.Debug|x86.ActiveCfg = Debug|Any CPU
		{89986B9A-A776-4805-A3EF-8C29AE69CA75}.Debug|x86.Build.0 = Debug|Any CPU
		{89986B9A-A776-4805-A3EF-8C29AE69CA75}.Release|Any CPU.ActiveCfg = Release|Any CPU
		{89986B9A-A776-4805-A3EF-8C29AE69CA75}.Release|Any CPU.Build.0 = Release|Any CPU
		{89986B9A-A776-4805-A3EF-8C29AE69CA75}.Release|arm64.ActiveCfg = Release|Any CPU
		{89986B9A-A776-4805-A3EF-8C29AE69CA75}.Release|arm64.Build.0 = Release|Any CPU
		{89986B9A-A776-4805-A3EF-8C29AE69CA75}.Release|x64.ActiveCfg = Release|Any CPU
		{89986B9A-A776-4805-A3EF-8C29AE69CA75}.Release|x64.Build.0 = Release|Any CPU
		{89986B9A-A776-4805-A3EF-8C29AE69CA75}.Release|x86.ActiveCfg = Release|Any CPU
		{89986B9A-A776-4805-A3EF-8C29AE69CA75}.Release|x86.Build.0 = Release|Any CPU
		{62485F3E-2C76-41DA-9682-66670996AC64}.Debug|Any CPU.ActiveCfg = Debug|Any CPU
		{62485F3E-2C76-41DA-9682-66670996AC64}.Debug|Any CPU.Build.0 = Debug|Any CPU
		{62485F3E-2C76-41DA-9682-66670996AC64}.Debug|arm64.ActiveCfg = Debug|Any CPU
		{62485F3E-2C76-41DA-9682-66670996AC64}.Debug|arm64.Build.0 = Debug|Any CPU
		{62485F3E-2C76-41DA-9682-66670996AC64}.Debug|x64.ActiveCfg = Debug|Any CPU
		{62485F3E-2C76-41DA-9682-66670996AC64}.Debug|x64.Build.0 = Debug|Any CPU
		{62485F3E-2C76-41DA-9682-66670996AC64}.Debug|x86.ActiveCfg = Debug|Any CPU
		{62485F3E-2C76-41DA-9682-66670996AC64}.Debug|x86.Build.0 = Debug|Any CPU
		{62485F3E-2C76-41DA-9682-66670996AC64}.Release|Any CPU.ActiveCfg = Release|Any CPU
		{62485F3E-2C76-41DA-9682-66670996AC64}.Release|Any CPU.Build.0 = Release|Any CPU
		{62485F3E-2C76-41DA-9682-66670996AC64}.Release|arm64.ActiveCfg = Release|Any CPU
		{62485F3E-2C76-41DA-9682-66670996AC64}.Release|arm64.Build.0 = Release|Any CPU
		{62485F3E-2C76-41DA-9682-66670996AC64}.Release|x64.ActiveCfg = Release|Any CPU
		{62485F3E-2C76-41DA-9682-66670996AC64}.Release|x64.Build.0 = Release|Any CPU
		{62485F3E-2C76-41DA-9682-66670996AC64}.Release|x86.ActiveCfg = Release|Any CPU
		{62485F3E-2C76-41DA-9682-66670996AC64}.Release|x86.Build.0 = Release|Any CPU
		{C5CDE281-305B-468B-B2B7-5F9B4F4EEB9B}.Debug|Any CPU.ActiveCfg = Debug|Any CPU
		{C5CDE281-305B-468B-B2B7-5F9B4F4EEB9B}.Debug|Any CPU.Build.0 = Debug|Any CPU
		{C5CDE281-305B-468B-B2B7-5F9B4F4EEB9B}.Debug|Any CPU.Deploy.0 = Debug|Any CPU
		{C5CDE281-305B-468B-B2B7-5F9B4F4EEB9B}.Debug|arm64.ActiveCfg = Debug|Any CPU
		{C5CDE281-305B-468B-B2B7-5F9B4F4EEB9B}.Debug|arm64.Build.0 = Debug|Any CPU
		{C5CDE281-305B-468B-B2B7-5F9B4F4EEB9B}.Debug|arm64.Deploy.0 = Debug|Any CPU
		{C5CDE281-305B-468B-B2B7-5F9B4F4EEB9B}.Debug|x64.ActiveCfg = Debug|Any CPU
		{C5CDE281-305B-468B-B2B7-5F9B4F4EEB9B}.Debug|x64.Build.0 = Debug|Any CPU
		{C5CDE281-305B-468B-B2B7-5F9B4F4EEB9B}.Debug|x64.Deploy.0 = Debug|Any CPU
		{C5CDE281-305B-468B-B2B7-5F9B4F4EEB9B}.Debug|x86.ActiveCfg = Debug|Any CPU
		{C5CDE281-305B-468B-B2B7-5F9B4F4EEB9B}.Debug|x86.Build.0 = Debug|Any CPU
		{C5CDE281-305B-468B-B2B7-5F9B4F4EEB9B}.Debug|x86.Deploy.0 = Debug|Any CPU
		{C5CDE281-305B-468B-B2B7-5F9B4F4EEB9B}.Release|Any CPU.ActiveCfg = Release|Any CPU
		{C5CDE281-305B-468B-B2B7-5F9B4F4EEB9B}.Release|Any CPU.Build.0 = Release|Any CPU
		{C5CDE281-305B-468B-B2B7-5F9B4F4EEB9B}.Release|Any CPU.Deploy.0 = Release|Any CPU
		{C5CDE281-305B-468B-B2B7-5F9B4F4EEB9B}.Release|arm64.ActiveCfg = Release|Any CPU
		{C5CDE281-305B-468B-B2B7-5F9B4F4EEB9B}.Release|arm64.Build.0 = Release|Any CPU
		{C5CDE281-305B-468B-B2B7-5F9B4F4EEB9B}.Release|arm64.Deploy.0 = Release|Any CPU
		{C5CDE281-305B-468B-B2B7-5F9B4F4EEB9B}.Release|x64.ActiveCfg = Release|Any CPU
		{C5CDE281-305B-468B-B2B7-5F9B4F4EEB9B}.Release|x64.Build.0 = Release|Any CPU
		{C5CDE281-305B-468B-B2B7-5F9B4F4EEB9B}.Release|x64.Deploy.0 = Release|Any CPU
		{C5CDE281-305B-468B-B2B7-5F9B4F4EEB9B}.Release|x86.ActiveCfg = Release|Any CPU
		{C5CDE281-305B-468B-B2B7-5F9B4F4EEB9B}.Release|x86.Build.0 = Release|Any CPU
		{C5CDE281-305B-468B-B2B7-5F9B4F4EEB9B}.Release|x86.Deploy.0 = Release|Any CPU
		{B9210CF6-84A3-4D57-86B6-E4E2BD016A43}.Debug|Any CPU.ActiveCfg = Debug|Any CPU
		{B9210CF6-84A3-4D57-86B6-E4E2BD016A43}.Debug|Any CPU.Build.0 = Debug|Any CPU
		{B9210CF6-84A3-4D57-86B6-E4E2BD016A43}.Debug|arm64.ActiveCfg = Debug|Any CPU
		{B9210CF6-84A3-4D57-86B6-E4E2BD016A43}.Debug|arm64.Build.0 = Debug|Any CPU
		{B9210CF6-84A3-4D57-86B6-E4E2BD016A43}.Debug|x64.ActiveCfg = Debug|Any CPU
		{B9210CF6-84A3-4D57-86B6-E4E2BD016A43}.Debug|x64.Build.0 = Debug|Any CPU
		{B9210CF6-84A3-4D57-86B6-E4E2BD016A43}.Debug|x86.ActiveCfg = Debug|Any CPU
		{B9210CF6-84A3-4D57-86B6-E4E2BD016A43}.Debug|x86.Build.0 = Debug|Any CPU
		{B9210CF6-84A3-4D57-86B6-E4E2BD016A43}.Release|Any CPU.ActiveCfg = Release|Any CPU
		{B9210CF6-84A3-4D57-86B6-E4E2BD016A43}.Release|Any CPU.Build.0 = Release|Any CPU
		{B9210CF6-84A3-4D57-86B6-E4E2BD016A43}.Release|arm64.ActiveCfg = Release|Any CPU
		{B9210CF6-84A3-4D57-86B6-E4E2BD016A43}.Release|arm64.Build.0 = Release|Any CPU
		{B9210CF6-84A3-4D57-86B6-E4E2BD016A43}.Release|x64.ActiveCfg = Release|Any CPU
		{B9210CF6-84A3-4D57-86B6-E4E2BD016A43}.Release|x64.Build.0 = Release|Any CPU
		{B9210CF6-84A3-4D57-86B6-E4E2BD016A43}.Release|x86.ActiveCfg = Release|Any CPU
		{B9210CF6-84A3-4D57-86B6-E4E2BD016A43}.Release|x86.Build.0 = Release|Any CPU
	EndGlobalSection
	GlobalSection(SolutionProperties) = preSolution
		HideSolutionNode = FALSE
	EndGlobalSection
	GlobalSection(NestedProjects) = preSolution
		{006EA384-9582-4F32-8712-E6A39B0A99B6} = {DD0C5D97-090B-4F5F-A484-8BF5B7563CE8}
		{E58E31F0-B6C8-426A-94C8-BD43218EAB59} = {DD0C5D97-090B-4F5F-A484-8BF5B7563CE8}
		{7CCA9AC0-2478-4FCD-B36E-202FFAF904E9} = {006EA384-9582-4F32-8712-E6A39B0A99B6}
		{66B3435C-8CD8-4359-806E-49F7DECB3EB6} = {006EA384-9582-4F32-8712-E6A39B0A99B6}
		{7577356A-7CCF-45F2-AD8B-B4DD0AF7F89A} = {006EA384-9582-4F32-8712-E6A39B0A99B6}
		{6FBC7A9B-76E1-4FB6-B45B-BB9A123EBB6B} = {006EA384-9582-4F32-8712-E6A39B0A99B6}
		{C5CDE281-305B-468B-B2B7-5F9B4F4EEB9B} = {8D4A5825-B93B-47EA-87CB-1491D666A71C}
		{B9210CF6-84A3-4D57-86B6-E4E2BD016A43} = {7F440D69-1FC8-4D2D-ACF1-C6CBC1454008}
	EndGlobalSection
	GlobalSection(ExtensibilityGlobals) = postSolution
		SolutionGuid = {5A3274A4-C353-477F-BF9E-2B60BE8D44E8}
	EndGlobalSection
EndGlobal
